dependencies:
- name: redis
  repository: https://charts.bitnami.com/bitnami
  version: 19.5.2
- name: postgresql
  repository: https://charts.bitnami.com/bitnami
  version: 15.5.1
- name: argo-workflows
  repository: https://argoproj.github.io/argo-helm
  version: 0.32.0
- name: dask-gateway
  repository: https://helm.dask.org
  version: 2024.1.0
digest: sha256:7dffc3b9ee1a2d3ecfc3de895219d5e924f89e2cba84482c51c990c430c5ce7e
generated: "2024-07-10T11:27:34.670711887+02:00"
